
Microsoft Visual Studio Solution File, Format Version 12.00
# Visual Studio Version 17
VisualStudioVersion = 17.7.34031.279
MinimumVisualStudioVersion = 10.0.40219.1
Project("{2150E333-8FDC-42A3-9474-1A3956D46DE8}") = "src", "src", "{3B4D2E85-0D81-435F-BBF8-36558C52679C}"
EndProject
Project("{9A19103F-16F7-4668-BE54-9A1E7A4F7556}") = "Neo-Events.SmartContract.Templates", "src\Neo.Events.SmartContract.Templates\Neo-Events.SmartContract.Templates.csproj", "{723FD16C-3A5A-402E-BFF6-F19715790206}"
EndProject
Project("{2150E333-8FDC-42A3-9474-1A3956D46DE8}") = "root", "root", "{2C761A40-12C0-4BF6-A619-AF1A2DBBDEE0}"
	ProjectSection(SolutionItems) = preProject
		.editorconfig = .editorconfig
		.gitignore = .gitignore
		LICENSE = LICENSE
		README.md = README.md
	EndProjectSection
EndProject
Project("{2150E333-8FDC-42A3-9474-1A3956D46DE8}") = ".github", ".github", "{0290796F-713B-47BF-994F-4046E3A9062C}"
	ProjectSection(SolutionItems) = preProject
		.github\ISSUE_TEMPLATE\bug_report.md = .github\ISSUE_TEMPLATE\bug_report.md
		.github\ISSUE_TEMPLATE\feature_request.md = .github\ISSUE_TEMPLATE\feature_request.md
	EndProjectSection
EndProject
Project("{2150E333-8FDC-42A3-9474-1A3956D46DE8}") = "workflows", "workflows", "{57DC952D-7C01-4C04-AAB6-C2FF4A8FB613}"
	ProjectSection(SolutionItems) = preProject
		.github\workflows\pack.yml = .github\workflows\pack.yml
	EndProjectSection
EndProject
Global
	GlobalSection(SolutionConfigurationPlatforms) = preSolution
		Debug|Any CPU = Debug|Any CPU
		Release|Any CPU = Release|Any CPU
	EndGlobalSection
	GlobalSection(ProjectConfigurationPlatforms) = postSolution
		{723FD16C-3A5A-402E-BFF6-F19715790206}.Debug|Any CPU.ActiveCfg = Debug|Any CPU
		{723FD16C-3A5A-402E-BFF6-F19715790206}.Debug|Any CPU.Build.0 = Debug|Any CPU
		{723FD16C-3A5A-402E-BFF6-F19715790206}.Release|Any CPU.ActiveCfg = Release|Any CPU
		{723FD16C-3A5A-402E-BFF6-F19715790206}.Release|Any CPU.Build.0 = Release|Any CPU
	EndGlobalSection
	GlobalSection(SolutionProperties) = preSolution
		HideSolutionNode = FALSE
	EndGlobalSection
	GlobalSection(NestedProjects) = preSolution
		{723FD16C-3A5A-402E-BFF6-F19715790206} = {3B4D2E85-0D81-435F-BBF8-36558C52679C}
		{57DC952D-7C01-4C04-AAB6-C2FF4A8FB613} = {0290796F-713B-47BF-994F-4046E3A9062C}
	EndGlobalSection
	GlobalSection(ExtensibilityGlobals) = postSolution
		SolutionGuid = {0BA97D4B-8890-4DF3-A630-C065F4699F2F}
	EndGlobalSection
EndGlobal
